
Microsoft Visual Studio Solution File, Format Version 12.00
# Visual Studio Version 17
VisualStudioVersion = 17.7.34024.191
MinimumVisualStudioVersion = 10.0.40219.1
Project("{FAE04EC0-301F-11D3-BF4B-00C04F79EFBC}") = "QLNhaSach", "QLNhaSach.csproj", "{4CDD1F3F-E2FD-4AF9-916C-6848B1CE7136}"
EndProject
Global
	GlobalSection(SolutionConfigurationPlatforms) = preSolution
		Debug|Any CPU = Debug|Any CPU
		Release|Any CPU = Release|Any CPU
	EndGlobalSection
	GlobalSection(ProjectConfigurationPlatforms) = postSolution
		{4CDD1F3F-E2FD-4AF9-916C-6848B1CE7136}.Debug|Any CPU.ActiveCfg = Debug|Any CPU
		{4CDD1F3F-E2FD-4AF9-916C-6848B1CE7136}.Debug|Any CPU.Build.0 = Debug|Any CPU
		{4CDD1F3F-E2FD-4AF9-916C-6848B1CE7136}.Release|Any CPU.ActiveCfg = Release|Any CPU
		{4CDD1F3F-E2FD-4AF9-916C-6848B1CE7136}.Release|Any CPU.Build.0 = Release|Any CPU
	EndGlobalSection
	GlobalSection(SolutionProperties) = preSolution
		HideSolutionNode = FALSE
	EndGlobalSection
	GlobalSection(ExtensibilityGlobals) = postSolution
		SolutionGuid = {2E4D92F7-EE9E-4299-A706-7EE1AB3388B1}
	EndGlobalSection
EndGlobal
